
Microsoft Visual Studio Solution File, Format Version 12.00
# Visual Studio Version 16
VisualStudioVersion = 16.0.30114.105
MinimumVisualStudioVersion = 10.0.40219.1
Project("{8BC9CEB8-8B4A-11D0-8D11-00A0C91BC942}") = "chapter_2", "chapter_2\chapter_2.vcxproj", "{373454A0-2BE6-489B-B114-9692106E6433}"
EndProject
Project("{8BC9CEB8-8B4A-11D0-8D11-00A0C91BC942}") = "chapter_8.1", "..\codes\debug_examples\section_9_crash\section_9_crash.vcxproj", "{E3DA56BA-ABA1-4964-87C7-EAF55F77C3CF}"
EndProject
Project("{8BC9CEB8-8B4A-11D0-8D11-00A0C91BC942}") = "chapter_2_mul_threads", "chapter_2_mul_threads\chapter_2_mul_threads.vcxproj", "{61167ABC-2E5C-4714-B8F3-F9E4DABFCB4E}"
EndProject
Project("{2150E333-8FDC-42A3-9474-1A3956D46DE8}") = "chapter5", "chapter5", "{FF39F56F-F26D-4006-AE41-1C117DA32EC4}"
EndProject
Project("{8BC9CEB8-8B4A-11D0-8D11-00A0C91BC942}") = "chapter_5.1_dll", "chapter_5.1_dll\chapter_5.1_dll.vcxproj", "{CA6EE256-59D6-4F92-B771-6E9F99B48DF6}"
EndProject
Project("{8BC9CEB8-8B4A-11D0-8D11-00A0C91BC942}") = "chapter_5.1", "chapter_5.1\chapter_5.1.vcxproj", "{ABCF7D49-F2CD-4BDF-B983-12775EA1F80B}"
EndProject
Project("{2150E333-8FDC-42A3-9474-1A3956D46DE8}") = "chapter6", "chapter6", "{7E3C5749-6366-40D3-BAA6-729B9D0B667C}"
EndProject
Project("{8BC9CEB8-8B4A-11D0-8D11-00A0C91BC942}") = "chapter_6.1", "chapter_6.1\chapter_6.1.vcxproj", "{1B533308-E0C2-40A6-AAAC-FAC6E36FF6EB}"
EndProject
Project("{2150E333-8FDC-42A3-9474-1A3956D46DE8}") = "chapter7", "chapter7", "{3089C604-6CD3-484E-AB98-585D56B09CAD}"
EndProject
Project("{8BC9CEB8-8B4A-11D0-8D11-00A0C91BC942}") = "chapter_7.2", "chapter_7.1\chapter_7.1.vcxproj", "{3D25C0C8-C6BB-4501-B4FA-E09C18EFCD6F}"
EndProject
Project("{8BC9CEB8-8B4A-11D0-8D11-00A0C91BC942}") = "chapter_9", "chapter_9\chapter_9.vcxproj", "{D6FB542A-FF22-438E-906E-D8941C2204BB}"
EndProject
Project("{8BC9CEB8-8B4A-11D0-8D11-00A0C91BC942}") = "chapter_4.1.4", "chapter_4.1.4_win\chapter_4.1.4.vcxproj", "{8C5CB621-DEFD-46D5-973B-9B2E38016AC2}"
EndProject
Project("{8BC9CEB8-8B4A-11D0-8D11-00A0C91BC942}") = "chapter_4.1", "chapter_4.1_win\chapter_4.1.vcxproj", "{3DE84BE9-3EFE-4F0A-B376-F057AD497868}"
EndProject
Project("{8BC9CEB8-8B4A-11D0-8D11-00A0C91BC942}") = "chapter_4", "chapter_4_win\chapter_4.vcxproj", "{6E82C357-3EBB-4B13-9FD6-5300FC45F1D4}"
EndProject
Project("{8BC9CEB8-8B4A-11D0-8D11-00A0C91BC942}") = "chapter_10", "chapter_10_win\chapter_10.vcxproj", "{5E69001A-F158-45CE-906C-5412E6B61F84}"
EndProject
Global
	GlobalSection(SolutionConfigurationPlatforms) = preSolution
		Debug|Win32 = Debug|Win32
		Debug|x64 = Debug|x64
		Debug|x86 = Debug|x86
		Release|Win32 = Release|Win32
		Release|x64 = Release|x64
		Release|x86 = Release|x86
	EndGlobalSection
	GlobalSection(ProjectConfigurationPlatforms) = postSolution
		{373454A0-2BE6-489B-B114-9692106E6433}.Debug|Win32.ActiveCfg = Debug|Win32
		{373454A0-2BE6-489B-B114-9692106E6433}.Debug|Win32.Build.0 = Debug|Win32
		{373454A0-2BE6-489B-B114-9692106E6433}.Debug|x64.ActiveCfg = Debug|x64
		{373454A0-2BE6-489B-B114-9692106E6433}.Debug|x64.Build.0 = Debug|x64
		{373454A0-2BE6-489B-B114-9692106E6433}.Debug|x86.ActiveCfg = Debug|Win32
		{373454A0-2BE6-489B-B114-9692106E6433}.Debug|x86.Build.0 = Debug|Win32
		{373454A0-2BE6-489B-B114-9692106E6433}.Release|Win32.ActiveCfg = Release|Win32
		{373454A0-2BE6-489B-B114-9692106E6433}.Release|Win32.Build.0 = Release|Win32
		{373454A0-2BE6-489B-B114-9692106E6433}.Release|x64.ActiveCfg = Release|x64
		{373454A0-2BE6-489B-B114-9692106E6433}.Release|x64.Build.0 = Release|x64
		{373454A0-2BE6-489B-B114-9692106E6433}.Release|x86.ActiveCfg = Release|Win32
		{373454A0-2BE6-489B-B114-9692106E6433}.Release|x86.Build.0 = Release|Win32
		{E3DA56BA-ABA1-4964-87C7-EAF55F77C3CF}.Debug|Win32.ActiveCfg = Debug|Win32
		{E3DA56BA-ABA1-4964-87C7-EAF55F77C3CF}.Debug|Win32.Build.0 = Debug|Win32
		{E3DA56BA-ABA1-4964-87C7-EAF55F77C3CF}.Debug|x64.ActiveCfg = Debug|Win32
		{E3DA56BA-ABA1-4964-87C7-EAF55F77C3CF}.Debug|x86.ActiveCfg = Debug|Win32
		{E3DA56BA-ABA1-4964-87C7-EAF55F77C3CF}.Debug|x86.Build.0 = Debug|Win32
		{E3DA56BA-ABA1-4964-87C7-EAF55F77C3CF}.Release|Win32.ActiveCfg = Release|Win32
		{E3DA56BA-ABA1-4964-87C7-EAF55F77C3CF}.Release|Win32.Build.0 = Release|Win32
		{E3DA56BA-ABA1-4964-87C7-EAF55F77C3CF}.Release|x64.ActiveCfg = Release|Win32
		{E3DA56BA-ABA1-4964-87C7-EAF55F77C3CF}.Release|x86.ActiveCfg = Release|Win32
		{E3DA56BA-ABA1-4964-87C7-EAF55F77C3CF}.Release|x86.Build.0 = Release|Win32
		{61167ABC-2E5C-4714-B8F3-F9E4DABFCB4E}.Debug|Win32.ActiveCfg = Debug|Win32
		{61167ABC-2E5C-4714-B8F3-F9E4DABFCB4E}.Debug|Win32.Build.0 = Debug|Win32
		{61167ABC-2E5C-4714-B8F3-F9E4DABFCB4E}.Debug|x64.ActiveCfg = Debug|x64
		{61167ABC-2E5C-4714-B8F3-F9E4DABFCB4E}.Debug|x64.Build.0 = Debug|x64
		{61167ABC-2E5C-4714-B8F3-F9E4DABFCB4E}.Debug|x86.ActiveCfg = Debug|Win32
		{61167ABC-2E5C-4714-B8F3-F9E4DABFCB4E}.Debug|x86.Build.0 = Debug|Win32
		{61167ABC-2E5C-4714-B8F3-F9E4DABFCB4E}.Release|Win32.ActiveCfg = Release|Win32
		{61167ABC-2E5C-4714-B8F3-F9E4DABFCB4E}.Release|Win32.Build.0 = Release|Win32
		{61167ABC-2E5C-4714-B8F3-F9E4DABFCB4E}.Release|x64.ActiveCfg = Release|x64
		{61167ABC-2E5C-4714-B8F3-F9E4DABFCB4E}.Release|x64.Build.0 = Release|x64
		{61167ABC-2E5C-4714-B8F3-F9E4DABFCB4E}.Release|x86.ActiveCfg = Release|Win32
		{61167ABC-2E5C-4714-B8F3-F9E4DABFCB4E}.Release|x86.Build.0 = Release|Win32
		{CA6EE256-59D6-4F92-B771-6E9F99B48DF6}.Debug|Win32.ActiveCfg = Debug|Win32
		{CA6EE256-59D6-4F92-B771-6E9F99B48DF6}.Debug|Win32.Build.0 = Debug|Win32
		{CA6EE256-59D6-4F92-B771-6E9F99B48DF6}.Debug|x64.ActiveCfg = Debug|x64
		{CA6EE256-59D6-4F92-B771-6E9F99B48DF6}.Debug|x64.Build.0 = Debug|x64
		{CA6EE256-59D6-4F92-B771-6E9F99B48DF6}.Debug|x86.ActiveCfg = Debug|Win32
		{CA6EE256-59D6-4F92-B771-6E9F99B48DF6}.Debug|x86.Build.0 = Debug|Win32
		{CA6EE256-59D6-4F92-B771-6E9F99B48DF6}.Release|Win32.ActiveCfg = Release|Win32
		{CA6EE256-59D6-4F92-B771-6E9F99B48DF6}.Release|Win32.Build.0 = Release|Win32
		{CA6EE256-59D6-4F92-B771-6E9F99B48DF6}.Release|x64.ActiveCfg = Release|x64
		{CA6EE256-59D6-4F92-B771-6E9F99B48DF6}.Release|x64.Build.0 = Release|x64
		{CA6EE256-59D6-4F92-B771-6E9F99B48DF6}.Release|x86.ActiveCfg = Release|Win32
		{CA6EE256-59D6-4F92-B771-6E9F99B48DF6}.Release|x86.Build.0 = Release|Win32
		{ABCF7D49-F2CD-4BDF-B983-12775EA1F80B}.Debug|Win32.ActiveCfg = Debug|Win32
		{ABCF7D49-F2CD-4BDF-B983-12775EA1F80B}.Debug|Win32.Build.0 = Debug|Win32
		{ABCF7D49-F2CD-4BDF-B983-12775EA1F80B}.Debug|x64.ActiveCfg = Debug|x64
		{ABCF7D49-F2CD-4BDF-B983-12775EA1F80B}.Debug|x64.Build.0 = Debug|x64
		{ABCF7D49-F2CD-4BDF-B983-12775EA1F80B}.Debug|x86.ActiveCfg = Debug|Win32
		{ABCF7D49-F2CD-4BDF-B983-12775EA1F80B}.Debug|x86.Build.0 = Debug|Win32
		{ABCF7D49-F2CD-4BDF-B983-12775EA1F80B}.Release|Win32.ActiveCfg = Release|Win32
		{ABCF7D49-F2CD-4BDF-B983-12775EA1F80B}.Release|Win32.Build.0 = Release|Win32
		{ABCF7D49-F2CD-4BDF-B983-12775EA1F80B}.Release|x64.ActiveCfg = Release|x64
		{ABCF7D49-F2CD-4BDF-B983-12775EA1F80B}.Release|x64.Build.0 = Release|x64
		{ABCF7D49-F2CD-4BDF-B983-12775EA1F80B}.Release|x86.ActiveCfg = Release|Win32
		{ABCF7D49-F2CD-4BDF-B983-12775EA1F80B}.Release|x86.Build.0 = Release|Win32
		{1B533308-E0C2-40A6-AAAC-FAC6E36FF6EB}.Debug|Win32.ActiveCfg = Debug|Win32
		{1B533308-E0C2-40A6-AAAC-FAC6E36FF6EB}.Debug|Win32.Build.0 = Debug|Win32
		{1B533308-E0C2-40A6-AAAC-FAC6E36FF6EB}.Debug|x64.ActiveCfg = Debug|x64
		{1B533308-E0C2-40A6-AAAC-FAC6E36FF6EB}.Debug|x64.Build.0 = Debug|x64
		{1B533308-E0C2-40A6-AAAC-FAC6E36FF6EB}.Debug|x86.ActiveCfg = Debug|Win32
		{1B533308-E0C2-40A6-AAAC-FAC6E36FF6EB}.Debug|x86.Build.0 = Debug|Win32
		{1B533308-E0C2-40A6-AAAC-FAC6E36FF6EB}.Release|Win32.ActiveCfg = Release|Win32
		{1B533308-E0C2-40A6-AAAC-FAC6E36FF6EB}.Release|Win32.Build.0 = Release|Win32
		{1B533308-E0C2-40A6-AAAC-FAC6E36FF6EB}.Release|x64.ActiveCfg = Release|x64
		{1B533308-E0C2-40A6-AAAC-FAC6E36FF6EB}.Release|x64.Build.0 = Release|x64
		{1B533308-E0C2-40A6-AAAC-FAC6E36FF6EB}.Release|x86.ActiveCfg = Release|Win32
		{1B533308-E0C2-40A6-AAAC-FAC6E36FF6EB}.Release|x86.Build.0 = Release|Win32
		{3D25C0C8-C6BB-4501-B4FA-E09C18EFCD6F}.Debug|Win32.ActiveCfg = Debug|Win32
		{3D25C0C8-C6BB-4501-B4FA-E09C18EFCD6F}.Debug|Win32.Build.0 = Debug|Win32
		{3D25C0C8-C6BB-4501-B4FA-E09C18EFCD6F}.Debug|x64.ActiveCfg = Debug|x64
		{3D25C0C8-C6BB-4501-B4FA-E09C18EFCD6F}.Debug|x64.Build.0 = Debug|x64
		{3D25C0C8-C6BB-4501-B4FA-E09C18EFCD6F}.Debug|x86.ActiveCfg = Debug|Win32
		{3D25C0C8-C6BB-4501-B4FA-E09C18EFCD6F}.Debug|x86.Build.0 = Debug|Win32
		{3D25C0C8-C6BB-4501-B4FA-E09C18EFCD6F}.Release|Win32.ActiveCfg = Release|Win32
		{3D25C0C8-C6BB-4501-B4FA-E09C18EFCD6F}.Release|Win32.Build.0 = Release|Win32
		{3D25C0C8-C6BB-4501-B4FA-E09C18EFCD6F}.Release|x64.ActiveCfg = Release|x64
		{3D25C0C8-C6BB-4501-B4FA-E09C18EFCD6F}.Release|x64.Build.0 = Release|x64
		{3D25C0C8-C6BB-4501-B4FA-E09C18EFCD6F}.Release|x86.ActiveCfg = Release|Win32
		{3D25C0C8-C6BB-4501-B4FA-E09C18EFCD6F}.Release|x86.Build.0 = Release|Win32
		{D6FB542A-FF22-438E-906E-D8941C2204BB}.Debug|Win32.ActiveCfg = Debug|Win32
		{D6FB542A-FF22-438E-906E-D8941C2204BB}.Debug|Win32.Build.0 = Debug|Win32
		{D6FB542A-FF22-438E-906E-D8941C2204BB}.Debug|x64.ActiveCfg = Debug|x64
		{D6FB542A-FF22-438E-906E-D8941C2204BB}.Debug|x64.Build.0 = Debug|x64
		{D6FB542A-FF22-438E-906E-D8941C2204BB}.Debug|x86.ActiveCfg = Debug|Win32
		{D6FB542A-FF22-438E-906E-D8941C2204BB}.Debug|x86.Build.0 = Debug|Win32
		{D6FB542A-FF22-438E-906E-D8941C2204BB}.Release|Win32.ActiveCfg = Release|Win32
		{D6FB542A-FF22-438E-906E-D8941C2204BB}.Release|Win32.Build.0 = Release|Win32
		{D6FB542A-FF22-438E-906E-D8941C2204BB}.Release|x64.ActiveCfg = Release|x64
		{D6FB542A-FF22-438E-906E-D8941C2204BB}.Release|x64.Build.0 = Release|x64
		{D6FB542A-FF22-438E-906E-D8941C2204BB}.Release|x86.ActiveCfg = Release|Win32
		{D6FB542A-FF22-438E-906E-D8941C2204BB}.Release|x86.Build.0 = Release|Win32
		{8C5CB621-DEFD-46D5-973B-9B2E38016AC2}.Debug|Win32.ActiveCfg = Debug|Win32
		{8C5CB621-DEFD-46D5-973B-9B2E38016AC2}.Debug|Win32.Build.0 = Debug|Win32
		{8C5CB621-DEFD-46D5-973B-9B2E38016AC2}.Debug|x64.ActiveCfg = Debug|x64
		{8C5CB621-DEFD-46D5-973B-9B2E38016AC2}.Debug|x64.Build.0 = Debug|x64
		{8C5CB621-DEFD-46D5-973B-9B2E38016AC2}.Debug|x86.ActiveCfg = Debug|Win32
		{8C5CB621-DEFD-46D5-973B-9B2E38016AC2}.Debug|x86.Build.0 = Debug|Win32
		{8C5CB621-DEFD-46D5-973B-9B2E38016AC2}.Release|Win32.ActiveCfg = Release|Win32
		{8C5CB621-DEFD-46D5-973B-9B2E38016AC2}.Release|Win32.Build.0 = Release|Win32
		{8C5CB621-DEFD-46D5-973B-9B2E38016AC2}.Release|x64.ActiveCfg = Release|x64
		{8C5CB621-DEFD-46D5-973B-9B2E38016AC2}.Release|x64.Build.0 = Release|x64
		{8C5CB621-DEFD-46D5-973B-9B2E38016AC2}.Release|x86.ActiveCfg = Release|Win32
		{8C5CB621-DEFD-46D5-973B-9B2E38016AC2}.Release|x86.Build.0 = Release|Win32
		{3DE84BE9-3EFE-4F0A-B376-F057AD497868}.Debug|Win32.ActiveCfg = Debug|Win32
		{3DE84BE9-3EFE-4F0A-B376-F057AD497868}.Debug|Win32.Build.0 = Debug|Win32
		{3DE84BE9-3EFE-4F0A-B376-F057AD497868}.Debug|x64.ActiveCfg = Debug|x64
		{3DE84BE9-3EFE-4F0A-B376-F057AD497868}.Debug|x64.Build.0 = Debug|x64
		{3DE84BE9-3EFE-4F0A-B376-F057AD497868}.Debug|x86.ActiveCfg = Debug|Win32
		{3DE84BE9-3EFE-4F0A-B376-F057AD497868}.Debug|x86.Build.0 = Debug|Win32
		{3DE84BE9-3EFE-4F0A-B376-F057AD497868}.Release|Win32.ActiveCfg = Release|Win32
		{3DE84BE9-3EFE-4F0A-B376-F057AD497868}.Release|Win32.Build.0 = Release|Win32
		{3DE84BE9-3EFE-4F0A-B376-F057AD497868}.Release|x64.ActiveCfg = Release|x64
		{3DE84BE9-3EFE-4F0A-B376-F057AD497868}.Release|x64.Build.0 = Release|x64
		{3DE84BE9-3EFE-4F0A-B376-F057AD497868}.Release|x86.ActiveCfg = Release|Win32
		{3DE84BE9-3EFE-4F0A-B376-F057AD497868}.Release|x86.Build.0 = Release|Win32
		{6E82C357-3EBB-4B13-9FD6-5300FC45F1D4}.Debug|Win32.ActiveCfg = Debug|Win32
		{6E82C357-3EBB-4B13-9FD6-5300FC45F1D4}.Debug|Win32.Build.0 = Debug|Win32
		{6E82C357-3EBB-4B13-9FD6-5300FC45F1D4}.Debug|x64.ActiveCfg = Debug|x64
		{6E82C357-3EBB-4B13-9FD6-5300FC45F1D4}.Debug|x64.Build.0 = Debug|x64
		{6E82C357-3EBB-4B13-9FD6-5300FC45F1D4}.Debug|x86.ActiveCfg = Debug|Win32
		{6E82C357-3EBB-4B13-9FD6-5300FC45F1D4}.Debug|x86.Build.0 = Debug|Win32
		{6E82C357-3EBB-4B13-9FD6-5300FC45F1D4}.Release|Win32.ActiveCfg = Release|Win32
		{6E82C357-3EBB-4B13-9FD6-5300FC45F1D4}.Release|Win32.Build.0 = Release|Win32
		{6E82C357-3EBB-4B13-9FD6-5300FC45F1D4}.Release|x64.ActiveCfg = Release|x64
		{6E82C357-3EBB-4B13-9FD6-5300FC45F1D4}.Release|x64.Build.0 = Release|x64
		{6E82C357-3EBB-4B13-9FD6-5300FC45F1D4}.Release|x86.ActiveCfg = Release|Win32
		{6E82C357-3EBB-4B13-9FD6-5300FC45F1D4}.Release|x86.Build.0 = Release|Win32
		{5E69001A-F158-45CE-906C-5412E6B61F84}.Debug|Win32.ActiveCfg = Debug|Win32
		{5E69001A-F158-45CE-906C-5412E6B61F84}.Debug|Win32.Build.0 = Debug|Win32
		{5E69001A-F158-45CE-906C-5412E6B61F84}.Debug|x64.ActiveCfg = Debug|x64
		{5E69001A-F158-45CE-906C-5412E6B61F84}.Debug|x64.Build.0 = Debug|x64
		{5E69001A-F158-45CE-906C-5412E6B61F84}.Debug|x86.ActiveCfg = Debug|Win32
		{5E69001A-F158-45CE-906C-5412E6B61F84}.Debug|x86.Build.0 = Debug|Win32
		{5E69001A-F158-45CE-906C-5412E6B61F84}.Release|Win32.ActiveCfg = Release|Win32
		{5E69001A-F158-45CE-906C-5412E6B61F84}.Release|Win32.Build.0 = Release|Win32
		{5E69001A-F158-45CE-906C-5412E6B61F84}.Release|x64.ActiveCfg = Release|x64
		{5E69001A-F158-45CE-906C-5412E6B61F84}.Release|x64.Build.0 = Release|x64
		{5E69001A-F158-45CE-906C-5412E6B61F84}.Release|x86.ActiveCfg = Release|Win32
		{5E69001A-F158-45CE-906C-5412E6B61F84}.Release|x86.Build.0 = Release|Win32
	EndGlobalSection
	GlobalSection(SolutionProperties) = preSolution
		HideSolutionNode = FALSE
	EndGlobalSection
	GlobalSection(NestedProjects) = preSolution
		{CA6EE256-59D6-4F92-B771-6E9F99B48DF6} = {FF39F56F-F26D-4006-AE41-1C117DA32EC4}
		{ABCF7D49-F2CD-4BDF-B983-12775EA1F80B} = {FF39F56F-F26D-4006-AE41-1C117DA32EC4}
		{1B533308-E0C2-40A6-AAAC-FAC6E36FF6EB} = {7E3C5749-6366-40D3-BAA6-729B9D0B667C}
		{3D25C0C8-C6BB-4501-B4FA-E09C18EFCD6F} = {3089C604-6CD3-484E-AB98-585D56B09CAD}
	EndGlobalSection
	GlobalSection(ExtensibilityGlobals) = postSolution
		SolutionGuid = {3F600518-F7D8-4B43-97B5-7FA473D2042E}
	EndGlobalSection
EndGlobal
